<Solution>
  <Folder Name="/src/">
    <Project Path="src/Ada.App/Ada.App.csproj" />
    <Project Path="src/Ada.Cli/Ada.Cli.csproj" />
    <Project Path="src/Ada.Core/Ada.Core.csproj" />
    <Project Path="src/Ada.Server/Ada.Server.csproj" />
    <Project Path="src/Ada.Tools/Ada.Tools.csproj" />
    <Project Path="src/Ada.Voice/Ada.Voice.csproj" />
  </Folder>
  <Folder Name="/tests/">
    <Project Path="tests/Ada.Core.Tests/Ada.Core.Tests.csproj" />
    <Project Path="tests/Ada.Tools.Tests/Ada.Tools.Tests.csproj" />
    <Project Path="tests/Ada.Voice.Tests/Ada.Voice.Tests.csproj" />
  </Folder>
</Solution>
